dependencies:
- name: pgvector
  repository: https://rh-ai-quickstart.github.io/ai-architecture-charts
  version: 0.1.0
- name: minio
  repository: https://rh-ai-quickstart.github.io/ai-architecture-charts
  version: 0.1.0
- name: mcp-servers
  repository: https://rh-ai-quickstart.github.io/ai-architecture-charts
  version: 0.5.7
digest: sha256:769e83e20fe17fdba12689a0dce9d58d3dda68623aa2eb9dde67acae624fc02f
generated: "2025-11-04T14:00:17.500521152+02:00"
