dependencies:
- name: pgvector
  repository: https://rh-ai-quickstart.github.io/ai-architecture-charts
  version: 0.1.0
- name: minio
  repository: https://rh-ai-quickstart.github.io/ai-architecture-charts
  version: 0.1.0
digest: sha256:ec5d14c7326f222738b5c9f9bee280dffbd039ad49cbff17670e0b16c773ee0a
generated: "2025-09-28T12:13:38.002451889+03:00"
